// !$*UTF8*$!
{
	archiveVersion = 1;
	classes = {
	};
	objectVersion = 47;
	objects = {

/* Begin PBXBuildFile section */
		8525E6741CD2DFD900325101 /* iAd.framework in Frameworks */ = {isa = PBXBuildFile; fileRef = 8525E6731CD2DFD900325101 /* iAd.framework */; };
		856188861CF51A6E00762F78 /* 500.png in Resources */ = {isa = PBXBuildFile; fileRef = 856188851CF51A6E00762F78 /* 500.png */; };
		8563AB8C1C69423C007DC73C /* AppDelegate.swift in Sources */ = {isa = PBXBuildFile; fileRef = 8563AB8B1C69423C007DC73C /* AppDelegate.swift */; };
		8563AB8E1C69423C007DC73C /* ViewController.swift in Sources */ = {isa = PBXBuildFile; fileRef = 8563AB8D1C69423C007DC73C /* ViewController.swift */; };
		8563AB911C69423C007DC73C /* Main.storyboard in Resources */ = {isa = PBXBuildFile; fileRef = 8563AB8F1C69423C007DC73C /* Main.storyboard */; };
		8563AB941C69423C007DC73C /* Tipper.xcdatamodeld in Sources */ = {isa = PBXBuildFile; fileRef = 8563AB921C69423C007DC73C /* Tipper.xcdatamodeld */; };
		8563AB961C69423C007DC73C /* Assets.xcassets in Resources */ = {isa = PBXBuildFile; fileRef = 8563AB951C69423C007DC73C /* Assets.xcassets */; };
		8563AB991C69423C007DC73C /* LaunchScreen.storyboard in Resources */ = {isa = PBXBuildFile; fileRef = 8563AB971C69423C007DC73C /* LaunchScreen.storyboard */; };
		8563ABA41C69423C007DC73C /* TipperTests.swift in Sources */ = {isa = PBXBuildFile; fileRef = 8563ABA31C69423C007DC73C /* TipperTests.swift */; };
		8563ABAF1C69423C007DC73C /* TipperUITests.swift in Sources */ = {isa = PBXBuildFile; fileRef = 8563ABAE1C69423C007DC73C /* TipperUITests.swift */; };
		8586A2641CC6F03D0056769C /* TheTippingPoint.png in Resources */ = {isa = PBXBuildFile; fileRef = 8586A2631CC6F03D0056769C /* TheTippingPoint.png */; };
		8586A2651CC6F03D0056769C /* TheTippingPoint.png in Resources */ = {isa = PBXBuildFile; fileRef = 8586A2631CC6F03D0056769C /* TheTippingPoint.png */; };
		8586A2661CC6F03D0056769C /* TheTippingPoint.png in Resources */ = {isa = PBXBuildFile; fileRef = 8586A2631CC6F03D0056769C /* TheTippingPoint.png */; };
		8586A2681CC70F4B0056769C /* 120-1.png in Resources */ = {isa = PBXBuildFile; fileRef = 8586A2671CC70F4B0056769C /* 120-1.png */; };
		8586A2691CC70F4B0056769C /* 120-1.png in Resources */ = {isa = PBXBuildFile; fileRef = 8586A2671CC70F4B0056769C /* 120-1.png */; };
		8586A26A1CC70F4B0056769C /* 120-1.png in Resources */ = {isa = PBXBuildFile; fileRef = 8586A2671CC70F4B0056769C /* 120-1.png */; };
		8586A26C1CC70F650056769C /* 1024.png in Resources */ = {isa = PBXBuildFile; fileRef = 8586A26B1CC70F650056769C /* 1024.png */; };
		8586A26D1CC70F650056769C /* 1024.png in Resources */ = {isa = PBXBuildFile; fileRef = 8586A26B1CC70F650056769C /* 1024.png */; };
		8586A26E1CC70F650056769C /* 1024.png in Resources */ = {isa = PBXBuildFile; fileRef = 8586A26B1CC70F650056769C /* 1024.png */; };
		8586A2741CC727870056769C /* TIPMUCH 3.png in Resources */ = {isa = PBXBuildFile; fileRef = 8586A2731CC727870056769C /* TIPMUCH 3.png */; };
		8586A2751CC727870056769C /* TIPMUCH 3.png in Resources */ = {isa = PBXBuildFile; fileRef = 8586A2731CC727870056769C /* TIPMUCH 3.png */; };
		8586A2761CC727870056769C /* TIPMUCH 3.png in Resources */ = {isa = PBXBuildFile; fileRef = 8586A2731CC727870056769C /* TIPMUCH 3.png */; };
/* End PBXBuildFile section */

/* Begin PBXContainerItemProxy section */
		8563ABA01C69423C007DC73C /* PBXContainerItemProxy */ = {
			isa = PBXContainerItemProxy;
			containerPortal = 8563AB801C69423C007DC73C /* Project object */;
			proxyType = 1;
			remoteGlobalIDString = 8563AB871C69423C007DC73C;
			remoteInfo = Tipper;
		};
		8563ABAB1C69423C007DC73C /* PBXContainerItemProxy */ = {
			isa = PBXContainerItemProxy;
			containerPortal = 8563AB801C69423C007DC73C /* Project object */;
			proxyType = 1;
			remoteGlobalIDString = 8563AB871C69423C007DC73C;
			remoteInfo = Tipper;
		};
/* End PBXContainerItemProxy section */

/* Begin PBXFileReference section */
		8525E6731CD2DFD900325101 /* iAd.framework */ = {isa = PBXFileReference; lastKnownFileType = wrapper.framework; name = iAd.framework; path = System/Library/Frameworks/iAd.framework; sourceTree = SDKROOT; };
		856188851CF51A6E00762F78 /* 500.png */ = {isa = PBXFileReference; lastKnownFileType = image.png; path = 500.png; sourceTree = "<group>"; };
		8563AB881C69423C007DC73C /* Tip Much.app */ = {isa = PBXFileReference; explicitFileType = wrapper.application; includeInIndex = 0; path = "Tip Much.app"; sourceTree = BUILT_PRODUCTS_DIR; };
		8563AB8B1C69423C007DC73C /* AppDelegate.swift */ = {isa = PBXFileReference; lastKnownFileType = sourcecode.swift; path = AppDelegate.swift; sourceTree = "<group>"; };
		8563AB8D1C69423C007DC73C /* ViewController.swift */ = {isa = PBXFileReference; lastKnownFileType = sourcecode.swift; path = ViewController.swift; sourceTree = "<group>"; };
		8563AB901C69423C007DC73C /* Base */ = {isa = PBXFileReference; lastKnownFileType = file.storyboard; name = Base; path = Base.lproj/Main.storyboard; sourceTree = "<group>"; };
		8563AB931C69423C007DC73C /* Tipper.xcdatamodel */ = {isa = PBXFileReference; lastKnownFileType = wrapper.xcdatamodel; path = Tipper.xcdatamodel; sourceTree = "<group>"; };
		8563AB951C69423C007DC73C /* Assets.xcassets */ = {isa = PBXFileReference; lastKnownFileType = folder.assetcatalog; path = Assets.xcassets; sourceTree = "<group>"; };
		8563AB981C69423C007DC73C /* Base */ = {isa = PBXFileReference; lastKnownFileType = file.storyboard; name = Base; path = Base.lproj/LaunchScreen.storyboard; sourceTree = "<group>"; };
		8563AB9A1C69423C007DC73C /* Info.plist */ = {isa = PBXFileReference; lastKnownFileType = text.plist.xml; path = Info.plist; sourceTree = "<group>"; };
		8563AB9F1C69423C007DC73C /* Tip Much.xctest */ = {isa = PBXFileReference; explicitFileType = wrapper.cfbundle; includeInIndex = 0; path = "Tip Much.xctest"; sourceTree = BUILT_PRODUCTS_DIR; };
		8563ABA31C69423C007DC73C /* TipperTests.swift */ = {isa = PBXFileReference; lastKnownFileType = sourcecode.swift; path = TipperTests.swift; sourceTree = "<group>"; };
		8563ABA51C69423C007DC73C /* Info.plist */ = {isa = PBXFileReference; lastKnownFileType = text.plist.xml; path = Info.plist; sourceTree = "<group>"; };
		8563ABAA1C69423C007DC73C /* Tip Much.xctest */ = {isa = PBXFileReference; explicitFileType = wrapper.cfbundle; includeInIndex = 0; path = "Tip Much.xctest"; sourceTree = BUILT_PRODUCTS_DIR; };
		8563ABAE1C69423C007DC73C /* TipperUITests.swift */ = {isa = PBXFileReference; lastKnownFileType = sourcecode.swift; path = TipperUITests.swift; sourceTree = "<group>"; };
		8563ABB01C69423C007DC73C /* Info.plist */ = {isa = PBXFileReference; lastKnownFileType = text.plist.xml; path = Info.plist; sourceTree = "<group>"; };
		8586A2631CC6F03D0056769C /* TheTippingPoint.png */ = {isa = PBXFileReference; lastKnownFileType = image.png; path = TheTippingPoint.png; sourceTree = "<group>"; };
		8586A2671CC70F4B0056769C /* 120-1.png */ = {isa = PBXFileReference; lastKnownFileType = image.png; path = "120-1.png"; sourceTree = "<group>"; };
		8586A26B1CC70F650056769C /* 1024.png */ = {isa = PBXFileReference; lastKnownFileType = image.png; path = 1024.png; sourceTree = "<group>"; };
		8586A2731CC727870056769C /* TIPMUCH 3.png */ = {isa = PBXFileReference; lastKnownFileType = image.png; path = "TIPMUCH 3.png"; sourceTree = "<group>"; };
/* End PBXFileReference section */

/* Begin PBXFrameworksBuildPhase section */
		8563AB851C69423C007DC73C /* Frameworks */ = {
			isa = PBXFrameworksBuildPhase;
			buildActionMask = 2147483647;
			files = (
				8525E6741CD2DFD900325101 /* iAd.framework in Frameworks */,
			);
			runOnlyForDeploymentPostprocessing = 0;
		};
		8563AB9C1C69423C007DC73C /* Frameworks */ = {
			isa = PBXFrameworksBuildPhase;
			buildActionMask = 2147483647;
			files = (
			);
			runOnlyForDeploymentPostprocessing = 0;
		};
		8563ABA71C69423C007DC73C /* Frameworks */ = {
			isa = PBXFrameworksBuildPhase;
			buildActionMask = 2147483647;
			files = (
			);
			runOnlyForDeploymentPostprocessing = 0;
		};
/* End PBXFrameworksBuildPhase section */

/* Begin PBXGroup section */
		8563AB7F1C69423C007DC73C = {
			isa = PBXGroup;
			children = (
				8525E6731CD2DFD900325101 /* iAd.framework */,
				8563AB8A1C69423C007DC73C /* Tipper */,
				8563ABA21C69423C007DC73C /* TipperTests */,
				8563ABAD1C69423C007DC73C /* TipperUITests */,
				8563AB891C69423C007DC73C /* Products */,
			);
			sourceTree = "<group>";
		};
		8563AB891C69423C007DC73C /* Products */ = {
			isa = PBXGroup;
			children = (
				8563AB881C69423C007DC73C /* Tip Much.app */,
				8563AB9F1C69423C007DC73C /* Tip Much.xctest */,
				8563ABAA1C69423C007DC73C /* Tip Much.xctest */,
			);
			name = Products;
			sourceTree = "<group>";
		};
		8563AB8A1C69423C007DC73C /* Tipper */ = {
			isa = PBXGroup;
			children = (
				856188851CF51A6E00762F78 /* 500.png */,
				8563AB8B1C69423C007DC73C /* AppDelegate.swift */,
				8563AB8D1C69423C007DC73C /* ViewController.swift */,
				8563AB8F1C69423C007DC73C /* Main.storyboard */,
				8563AB951C69423C007DC73C /* Assets.xcassets */,
				8586A2731CC727870056769C /* TIPMUCH 3.png */,
				8586A26B1CC70F650056769C /* 1024.png */,
				8586A2671CC70F4B0056769C /* 120-1.png */,
				8563AB971C69423C007DC73C /* LaunchScreen.storyboard */,
				8563AB9A1C69423C007DC73C /* Info.plist */,
				8586A2631CC6F03D0056769C /* TheTippingPoint.png */,
				8563AB921C69423C007DC73C /* Tipper.xcdatamodeld */,
			);
			path = Tipper;
			sourceTree = "<group>";
		};
		8563ABA21C69423C007DC73C /* TipperTests */ = {
			isa = PBXGroup;
			children = (
				8563ABA31C69423C007DC73C /* TipperTests.swift */,
				8563ABA51C69423C007DC73C /* Info.plist */,
			);
			path = TipperTests;
			sourceTree = "<group>";
		};
		8563ABAD1C69423C007DC73C /* TipperUITests */ = {
			isa = PBXGroup;
			children = (
				8563ABAE1C69423C007DC73C /* TipperUITests.swift */,
				8563ABB01C69423C007DC73C /* Info.plist */,
			);
			path = TipperUITests;
			sourceTree = "<group>";
		};
/* End PBXGroup section */

/* Begin PBXNativeTarget section */
		8563AB871C69423C007DC73C /* Tip Much */ = {
			isa = PBXNativeTarget;
			buildConfigurationList = 8563ABB31C69423C007DC73C /* Build configuration list for PBXNativeTarget "Tip Much" */;
			buildPhases = (
				8563AB841C69423C007DC73C /* Sources */,
				8563AB851C69423C007DC73C /* Frameworks */,
				8563AB861C69423C007DC73C /* Resources */,
			);
			buildRules = (
			);
			dependencies = (
			);
			name = "Tip Much";
			productName = Tipper;
			productReference = 8563AB881C69423C007DC73C /* Tip Much.app */;
			productType = "com.apple.product-type.application";
		};
		8563AB9E1C69423C007DC73C /* Tip MuchTests */ = {
			isa = PBXNativeTarget;
			buildConfigurationList = 8563ABB61C69423C007DC73C /* Build configuration list for PBXNativeTarget "Tip MuchTests" */;
			buildPhases = (
				8563AB9B1C69423C007DC73C /* Sources */,
				8563AB9C1C69423C007DC73C /* Frameworks */,
				8563AB9D1C69423C007DC73C /* Resources */,
			);
			buildRules = (
			);
			dependencies = (
				8563ABA11C69423C007DC73C /* PBXTargetDependency */,
			);
			name = "Tip MuchTests";
			productName = TipperTests;
			productReference = 8563AB9F1C69423C007DC73C /* Tip Much.xctest */;
			productType = "com.apple.product-type.bundle.unit-test";
		};
		8563ABA91C69423C007DC73C /* Tip MuchUITests */ = {
			isa = PBXNativeTarget;
			buildConfigurationList = 8563ABB91C69423C007DC73C /* Build configuration list for PBXNativeTarget "Tip MuchUITests" */;
			buildPhases = (
				8563ABA61C69423C007DC73C /* Sources */,
				8563ABA71C69423C007DC73C /* Frameworks */,
				8563ABA81C69423C007DC73C /* Resources */,
			);
			buildRules = (
			);
			dependencies = (
				8563ABAC1C69423C007DC73C /* PBXTargetDependency */,
			);
			name = "Tip MuchUITests";
			productName = TipperUITests;
			productReference = 8563ABAA1C69423C007DC73C /* Tip Much.xctest */;
			productType = "com.apple.product-type.bundle.ui-testing";
		};
/* End PBXNativeTarget section */

/* Begin PBXProject section */
		8563AB801C69423C007DC73C /* Project object */ = {
			isa = PBXProject;
			attributes = {
				LastSwiftUpdateCheck = 0720;
				LastUpgradeCheck = 0800;
				ORGANIZATIONNAME = "VASILIOS KARLIS";
				TargetAttributes = {
					8563AB871C69423C007DC73C = {
						CreatedOnToolsVersion = 7.2.1;
						DevelopmentTeam = PC3V4PW79G;
						LastSwiftMigration = 0800;
					};
					8563AB9E1C69423C007DC73C = {
						CreatedOnToolsVersion = 7.2.1;
						LastSwiftMigration = 0800;
						TestTargetID = 8563AB871C69423C007DC73C;
					};
					8563ABA91C69423C007DC73C = {
						CreatedOnToolsVersion = 7.2.1;
						LastSwiftMigration = 0800;
						TestTargetID = 8563AB871C69423C007DC73C;
					};
				};
			};
			buildConfigurationList = 8563AB831C69423C007DC73C /* Build configuration list for PBXProject "Tip Much" */;
			compatibilityVersion = "Xcode 6.3";
			developmentRegion = English;
			hasScannedForEncodings = 0;
			knownRegions = (
				en,
				Base,
			);
			mainGroup = 8563AB7F1C69423C007DC73C;
			productRefGroup = 8563AB891C69423C007DC73C /* Products */;
			projectDirPath = "";
			projectRoot = "";
			targets = (
				8563AB871C69423C007DC73C /* Tip Much */,
				8563AB9E1C69423C007DC73C /* Tip MuchTests */,
				8563ABA91C69423C007DC73C /* Tip MuchUITests */,
			);
		};
/* End PBXProject section */

/* Begin PBXResourcesBuildPhase section */
		8563AB861C69423C007DC73C /* Resources */ = {
			isa = PBXResourcesBuildPhase;
			buildActionMask = 2147483647;
			files = (
				8586A2641CC6F03D0056769C /* TheTippingPoint.png in Resources */,
				8586A2681CC70F4B0056769C /* 120-1.png in Resources */,
				856188861CF51A6E00762F78 /* 500.png in Resources */,
				8586A26C1CC70F650056769C /* 1024.png in Resources */,
				8563AB991C69423C007DC73C /* LaunchScreen.storyboard in Resources */,
				8586A2741CC727870056769C /* TIPMUCH 3.png in Resources */,
				8563AB961C69423C007DC73C /* Assets.xcassets in Resources */,
				8563AB911C69423C007DC73C /* Main.storyboard in Resources */,
			);
			runOnlyForDeploymentPostprocessing = 0;
		};
		8563AB9D1C69423C007DC73C /* Resources */ = {
			isa = PBXResourcesBuildPhase;
			buildActionMask = 2147483647;
			files = (
				8586A26D1CC70F650056769C /* 1024.png in Resources */,
				8586A2751CC727870056769C /* TIPMUCH 3.png in Resources */,
				8586A2651CC6F03D0056769C /* TheTippingPoint.png in Resources */,
				8586A2691CC70F4B0056769C /* 120-1.png in Resources */,
			);
			runOnlyForDeploymentPostprocessing = 0;
		};
		8563ABA81C69423C007DC73C /* Resources */ = {
			isa = PBXResourcesBuildPhase;
			buildActionMask = 2147483647;
			files = (
				8586A26E1CC70F650056769C /* 1024.png in Resources */,
				8586A2761CC727870056769C /* TIPMUCH 3.png in Resources */,
				8586A2661CC6F03D0056769C /* TheTippingPoint.png in Resources */,
				8586A26A1CC70F4B0056769C /* 120-1.png in Resources */,
			);
			runOnlyForDeploymentPostprocessing = 0;
		};
/* End PBXResourcesBuildPhase section */

/* Begin PBXSourcesBuildPhase section */
		8563AB841C69423C007DC73C /* Sources */ = {
			isa = PBXSourcesBuildPhase;
			buildActionMask = 2147483647;
			files = (
				8563AB8E1C69423C007DC73C /* ViewController.swift in Sources */,
				8563AB941C69423C007DC73C /* Tipper.xcdatamodeld in Sources */,
				8563AB8C1C69423C007DC73C /* AppDelegate.swift in Sources */,
			);
			runOnlyForDeploymentPostprocessing = 0;
		};
		8563AB9B1C69423C007DC73C /* Sources */ = {
			isa = PBXSourcesBuildPhase;
			buildActionMask = 2147483647;
			files = (
				8563ABA41C69423C007DC73C /* TipperTests.swift in Sources */,
			);
			runOnlyForDeploymentPostprocessing = 0;
		};
		8563ABA61C69423C007DC73C /* Sources */ = {
			isa = PBXSourcesBuildPhase;
			buildActionMask = 2147483647;
			files = (
				8563ABAF1C69423C007DC73C /* TipperUITests.swift in Sources */,
			);
			runOnlyForDeploymentPostprocessing = 0;
		};
/* End PBXSourcesBuildPhase section */

/* Begin PBXTargetDependency section */
		8563ABA11C69423C007DC73C /* PBXTargetDependency */ = {
			isa = PBXTargetDependency;
			target = 8563AB871C69423C007DC73C /* Tip Much */;
			targetProxy = 8563ABA01C69423C007DC73C /* PBXContainerItemProxy */;
		};
		8563ABAC1C69423C007DC73C /* PBXTargetDependency */ = {
			isa = PBXTargetDependency;
			target = 8563AB871C69423C007DC73C /* Tip Much */;
			targetProxy = 8563ABAB1C69423C007DC73C /* PBXContainerItemProxy */;
		};
/* End PBXTargetDependency section */

/* Begin PBXVariantGroup section */
		8563AB8F1C69423C007DC73C /* Main.storyboard */ = {
			isa = PBXVariantGroup;
			children = (
				8563AB901C69423C007DC73C /* Base */,
			);
			name = Main.storyboard;
			sourceTree = "<group>";
		};
		8563AB971C69423C007DC73C /* LaunchScreen.storyboard */ = {
			isa = PBXVariantGroup;
			children = (
				8563AB981C69423C007DC73C /* Base */,
			);
			name = LaunchScreen.storyboard;
			sourceTree = "<group>";
		};
/* End PBXVariantGroup section */

/* Begin XCBuildConfiguration section */
		8563ABB11C69423C007DC73C /* Debug */ = {
			isa = XCBuildConfiguration;
			buildSettings = {
				ALWAYS_SEARCH_USER_PATHS = NO;
				CLANG_CXX_LANGUAGE_STANDARD = "gnu++0x";
				CLANG_CXX_LIBRARY = "libc++";
				CLANG_ENABLE_MODULES = YES;
				CLANG_ENABLE_OBJC_ARC = YES;
				CLANG_WARN_BOOL_CONVERSION = YES;
				CLANG_WARN_CONSTANT_CONVERSION = YES;
				CLANG_WARN_DIRECT_OBJC_ISA_USAGE = YES_ERROR;
				CLANG_WARN_EMPTY_BODY = YES;
				CLANG_WARN_ENUM_CONVERSION = YES;
				CLANG_WARN_INFINITE_RECURSION = YES;
				CLANG_WARN_INT_CONVERSION = YES;
				CLANG_WARN_OBJC_ROOT_CLASS = YES_ERROR;
				CLANG_WARN_SUSPICIOUS_MOVE = YES;
				CLANG_WARN_UNREACHABLE_CODE = YES;
				CLANG_WARN__DUPLICATE_METHOD_MATCH = YES;
				"CODE_SIGN_IDENTITY[sdk=iphoneos*]" = "iPhone Developer";
				COPY_PHASE_STRIP = NO;
				DEBUG_INFORMATION_FORMAT = dwarf;
				ENABLE_STRICT_OBJC_MSGSEND = YES;
				ENABLE_TESTABILITY = YES;
				GCC_C_LANGUAGE_STANDARD = gnu99;
				GCC_DYNAMIC_NO_PIC = NO;
				GCC_NO_COMMON_BLOCKS = YES;
				GCC_OPTIMIZATION_LEVEL = 0;
				GCC_PREPROCESSOR_DEFINITIONS = (
					"DEBUG=1",
					"$(inherited)",
				);
				GCC_WARN_64_TO_32_BIT_CONVERSION = YES;
				GCC_WARN_ABOUT_RETURN_TYPE = YES_ERROR;
				GCC_WARN_UNDECLARED_SELECTOR = YES;
				GCC_WARN_UNINITIALIZED_AUTOS = YES_AGGRESSIVE;
				GCC_WARN_UNUSED_FUNCTION = YES;
				GCC_WARN_UNUSED_VARIABLE = YES;
				IPHONEOS_DEPLOYMENT_TARGET = 9.3;
				MTL_ENABLE_DEBUG_INFO = YES;
				ONLY_ACTIVE_ARCH = YES;
				SDKROOT = iphoneos;
				SWIFT_OPTIMIZATION_LEVEL = "-Onone";
				TARGETED_DEVICE_FAMILY = "1,2";
			};
			name = Debug;
		};
		8563ABB21C69423C007DC73C /* Release */ = {
			isa = XCBuildConfiguration;
			buildSettings = {
				ALWAYS_SEARCH_USER_PATHS = NO;
				CLANG_CXX_LANGUAGE_STANDARD = "gnu++0x";
				CLANG_CXX_LIBRARY = "libc++";
				CLANG_ENABLE_MODULES = YES;
				CLANG_ENABLE_OBJC_ARC = YES;
				CLANG_WARN_BOOL_CONVERSION = YES;
				CLANG_WARN_CONSTANT_CONVERSION = YES;
				CLANG_WARN_DIRECT_OBJC_ISA_USAGE = YES_ERROR;
				CLANG_WARN_EMPTY_BODY = YES;
				CLANG_WARN_ENUM_CONVERSION = YES;
				CLANG_WARN_INFINITE_RECURSION = YES;
				CLANG_WARN_INT_CONVERSION = YES;
				CLANG_WARN_OBJC_ROOT_CLASS = YES_ERROR;
				CLANG_WARN_SUSPICIOUS_MOVE = YES;
				CLANG_WARN_UNREACHABLE_CODE = YES;
				CLANG_WARN__DUPLICATE_METHOD_MATCH = YES;
				"CODE_SIGN_IDENTITY[sdk=iphoneos*]" = "iPhone Developer";
				COPY_PHASE_STRIP = NO;
				DEBUG_INFORMATION_FORMAT = "dwarf-with-dsym";
				ENABLE_NS_ASSERTIONS = NO;
				ENABLE_STRICT_OBJC_MSGSEND = YES;
				GCC_C_LANGUAGE_STANDARD = gnu99;
				GCC_NO_COMMON_BLOCKS = YES;
				GCC_WARN_64_TO_32_BIT_CONVERSION = YES;
				GCC_WARN_ABOUT_RETURN_TYPE = YES_ERROR;
				GCC_WARN_UNDECLARED_SELECTOR = YES;
				GCC_WARN_UNINITIALIZED_AUTOS = YES_AGGRESSIVE;
				GCC_WARN_UNUSED_FUNCTION = YES;
				GCC_WARN_UNUSED_VARIABLE = YES;
				IPHONEOS_DEPLOYMENT_TARGET = 9.3;
				MTL_ENABLE_DEBUG_INFO = NO;
				SDKROOT = iphoneos;
				TARGETED_DEVICE_FAMILY = "1,2";
				VALIDATE_PRODUCT = YES;
			};
			name = Release;
		};
		8563ABB41C69423C007DC73C /* Debug */ = {
			isa = XCBuildConfiguration;
			buildSettings = {
				ASSETCATALOG_COMPILER_APPICON_NAME = AppIcon;
				ASSETCATALOG_COMPILER_LAUNCHIMAGE_NAME = "Brand Assets";
				CODE_SIGN_IDENTITY = "iPhone Developer";
				INFOPLIST_FILE = Tipper/Info.plist;
				IPHONEOS_DEPLOYMENT_TARGET = 9.0;
				LD_RUNPATH_SEARCH_PATHS = "$(inherited) @executable_path/Frameworks";
				PRODUCT_BUNDLE_IDENTIFIER = "com.cybercatit-vasili.TipMuch";
				PRODUCT_NAME = "Tip Much";
				SWIFT_VERSION = 3.0;
				TARGETED_DEVICE_FAMILY = "1,2";
			};
			name = Debug;
		};
		8563ABB51C69423C007DC73C /* Release */ = {
			isa = XCBuildConfiguration;
			buildSettings = {
				ASSETCATALOG_COMPILER_APPICON_NAME = AppIcon;
				ASSETCATALOG_COMPILER_LAUNCHIMAGE_NAME = "Brand Assets";
				CODE_SIGN_IDENTITY = "iPhone Developer";
				INFOPLIST_FILE = Tipper/Info.plist;
				IPHONEOS_DEPLOYMENT_TARGET = 9.0;
				LD_RUNPATH_SEARCH_PATHS = "$(inherited) @executable_path/Frameworks";
				PRODUCT_BUNDLE_IDENTIFIER = "com.cybercatit-vasili.TipMuch";
				PRODUCT_NAME = "Tip Much";
				SWIFT_OPTIMIZATION_LEVEL = "-Owholemodule";
				SWIFT_VERSION = 3.0;
				TARGETED_DEVICE_FAMILY = "1,2";
			};
			name = Release;
		};
		8563ABB71C69423C007DC73C /* Debug */ = {
			isa = XCBuildConfiguration;
			buildSettings = {
				BUNDLE_LOADER = "$(TEST_HOST)";
				INFOPLIST_FILE = TipperTests/Info.plist;
				LD_RUNPATH_SEARCH_PATHS = "$(inherited) @executable_path/Frameworks @loader_path/Frameworks";
				PRODUCT_BUNDLE_IDENTIFIER = "com.cybercatit-vasili.TipperTests";
				PRODUCT_NAME = "Tip Much";
				SWIFT_VERSION = 3.0;
				TEST_HOST = "$(BUILT_PRODUCTS_DIR)/Tip Much.app/Tip Much";
			};
			name = Debug;
		};
		8563ABB81C69423C007DC73C /* Release */ = {
			isa = XCBuildConfiguration;
			buildSettings = {
				BUNDLE_LOADER = "$(TEST_HOST)";
				INFOPLIST_FILE = TipperTests/Info.plist;
				LD_RUNPATH_SEARCH_PATHS = "$(inherited) @executable_path/Frameworks @loader_path/Frameworks";
				PRODUCT_BUNDLE_IDENTIFIER = "com.cybercatit-vasili.TipperTests";
				PRODUCT_NAME = "Tip Much";
				SWIFT_OPTIMIZATION_LEVEL = "-Owholemodule";
				SWIFT_VERSION = 3.0;
				TEST_HOST = "$(BUILT_PRODUCTS_DIR)/Tip Much.app/Tip Much";
			};
			name = Release;
		};
		8563ABBA1C69423C007DC73C /* Debug */ = {
			isa = XCBuildConfiguration;
			buildSettings = {
				INFOPLIST_FILE = TipperUITests/Info.plist;
				LD_RUNPATH_SEARCH_PATHS = "$(inherited) @executable_path/Frameworks @loader_path/Frameworks";
				PRODUCT_BUNDLE_IDENTIFIER = "com.cybercatit-vasili.TipperUITests";
				PRODUCT_NAME = "Tip Much";
				SWIFT_VERSION = 3.0;
				TEST_TARGET_NAME = Tipper;
				USES_XCTRUNNER = YES;
			};
			name = Debug;
		};
		8563ABBB1C69423C007DC73C /* Release */ = {
			isa = XCBuildConfiguration;
			buildSettings = {
				INFOPLIST_FILE = TipperUITests/Info.plist;
				LD_RUNPATH_SEARCH_PATHS = "$(inherited) @executable_path/Frameworks @loader_path/Frameworks";
				PRODUCT_BUNDLE_IDENTIFIER = "com.cybercatit-vasili.TipperUITests";
				PRODUCT_NAME = "Tip Much";
				SWIFT_OPTIMIZATION_LEVEL = "-Owholemodule";
				SWIFT_VERSION = 3.0;
				TEST_TARGET_NAME = Tipper;
				USES_XCTRUNNER = YES;
			};
			name = Release;
		};
/* End XCBuildConfiguration section */

/* Begin XCConfigurationList section */
		8563AB831C69423C007DC73C /* Build configuration list for PBXProject "Tip Much" */ = {
			isa = XCConfigurationList;
			buildConfigurations = (
				8563ABB11C69423C007DC73C /* Debug */,
				8563ABB21C69423C007DC73C /* Release */,
			);
			defaultConfigurationIsVisible = 0;
			defaultConfigurationName = Release;
		};
		8563ABB31C69423C007DC73C /* Build configuration list for PBXNativeTarget "Tip Much" */ = {
			isa = XCConfigurationList;
			buildConfigurations = (
				8563ABB41C69423C007DC73C /* Debug */,
				8563ABB51C69423C007DC73C /* Release */,
			);
			defaultConfigurationIsVisible = 0;
			defaultConfigurationName = Release;
		};
		8563ABB61C69423C007DC73C /* Build configuration list for PBXNativeTarget "Tip MuchTests" */ = {
			isa = XCConfigurationList;
			buildConfigurations = (
				8563ABB71C69423C007DC73C /* Debug */,
				8563ABB81C69423C007DC73C /* Release */,
			);
			defaultConfigurationIsVisible = 0;
			defaultConfigurationName = Release;
		};
		8563ABB91C69423C007DC73C /* Build configuration list for PBXNativeTarget "Tip MuchUITests" */ = {
			isa = XCConfigurationList;
			buildConfigurations = (
				8563ABBA1C69423C007DC73C /* Debug */,
				8563ABBB1C69423C007DC73C /* Release */,
			);
			defaultConfigurationIsVisible = 0;
			defaultConfigurationName = Release;
		};
/* End XCConfigurationList section */

/* Begin XCVersionGroup section */
		8563AB921C69423C007DC73C /* Tipper.xcdatamodeld */ = {
			isa = XCVersionGroup;
			children = (
				8563AB931C69423C007DC73C /* Tipper.xcdatamodel */,
			);
			currentVersion = 8563AB931C69423C007DC73C /* Tipper.xcdatamodel */;
			path = Tipper.xcdatamodeld;
			sourceTree = "<group>";
			versionGroupType = wrapper.xcdatamodel;
		};
/* End XCVersionGroup section */
	};
	rootObject = 8563AB801C69423C007DC73C /* Project object */;
}
